
Microsoft Visual Studio Solution File, Format Version 12.00
# Visual Studio Version 17
VisualStudioVersion = 17.2.32630.192
MinimumVisualStudioVersion = 10.0.40219.1
Project("{FAE04EC0-301F-11D3-BF4B-00C04F79EFBC}") = "UnionMessenger_client", "UnionMessenger_client\UnionMessenger_client.csproj", "{BD40FA5B-50C7-4FA5-A74F-157A8BDE17D7}"
EndProject
Global
	GlobalSection(SolutionConfigurationPlatforms) = preSolution
		Debug|Any CPU = Debug|Any CPU
		Release|Any CPU = Release|Any CPU
	EndGlobalSection
	GlobalSection(ProjectConfigurationPlatforms) = postSolution
		{BD40FA5B-50C7-4FA5-A74F-157A8BDE17D7}.Debug|Any CPU.ActiveCfg = Debug|Any CPU
		{BD40FA5B-50C7-4FA5-A74F-157A8BDE17D7}.Debug|Any CPU.Build.0 = Debug|Any CPU
		{BD40FA5B-50C7-4FA5-A74F-157A8BDE17D7}.Release|Any CPU.ActiveCfg = Release|Any CPU
		{BD40FA5B-50C7-4FA5-A74F-157A8BDE17D7}.Release|Any CPU.Build.0 = Release|Any CPU
	EndGlobalSection
	GlobalSection(SolutionProperties) = preSolution
		HideSolutionNode = FALSE
	EndGlobalSection
	GlobalSection(ExtensibilityGlobals) = postSolution
		SolutionGuid = {F78FA540-2738-4826-B6FC-E1541137B330}
	EndGlobalSection
EndGlobal
